
Microsoft Visual Studio Solution File, Format Version 12.00
# Visual Studio 15
VisualStudioVersion = 15.0.28307.106
MinimumVisualStudioVersion = 10.0.40219.1
Project("{FAE04EC0-301F-11D3-BF4B-00C04F79EFBC}") = "MarkovChain", "MarkovChain\MarkovChain.csproj", "{91652334-73D2-42D7-9A47-D15C640DF340}"
EndProject
Global
	GlobalSection(SolutionConfigurationPlatforms) = preSolution
		Debug|Any CPU = Debug|Any CPU
		Release|Any CPU = Release|Any CPU
	EndGlobalSection
	GlobalSection(ProjectConfigurationPlatforms) = postSolution
		{91652334-73D2-42D7-9A47-D15C640DF340}.Debug|Any CPU.ActiveCfg = Debug|Any CPU
		{91652334-73D2-42D7-9A47-D15C640DF340}.Debug|Any CPU.Build.0 = Debug|Any CPU
		{91652334-73D2-42D7-9A47-D15C640DF340}.Release|Any CPU.ActiveCfg = Release|Any CPU
		{91652334-73D2-42D7-9A47-D15C640DF340}.Release|Any CPU.Build.0 = Release|Any CPU
	EndGlobalSection
	GlobalSection(SolutionProperties) = preSolution
		HideSolutionNode = FALSE
	EndGlobalSection
	GlobalSection(ExtensibilityGlobals) = postSolution
		SolutionGuid = {A2DB0719-ABEA-4BED-8EBD-C22B8618D8AA}
	EndGlobalSection
EndGlobal
